
Microsoft Visual Studio Solution File, Format Version 12.00
# Visual Studio Version 16
VisualStudioVersion = 16.0.31019.35
MinimumVisualStudioVersion = 10.0.40219.1
Project("{FAE04EC0-301F-11D3-BF4B-00C04F79EFBC}") = "CopyXml", "CopyXml\CopyXml.csproj", "{C194951B-172C-4076-B8B6-A4D6FF10A6EB}"
EndProject
Global
	GlobalSection(SolutionConfigurationPlatforms) = preSolution
		Debug|Any CPU = Debug|Any CPU
		Release|Any CPU = Release|Any CPU
	EndGlobalSection
	GlobalSection(ProjectConfigurationPlatforms) = postSolution
		{C194951B-172C-4076-B8B6-A4D6FF10A6EB}.Debug|Any CPU.ActiveCfg = Debug|Any CPU
		{C194951B-172C-4076-B8B6-A4D6FF10A6EB}.Debug|Any CPU.Build.0 = Debug|Any CPU
		{C194951B-172C-4076-B8B6-A4D6FF10A6EB}.Release|Any CPU.ActiveCfg = Release|Any CPU
		{C194951B-172C-4076-B8B6-A4D6FF10A6EB}.Release|Any CPU.Build.0 = Release|Any CPU
	EndGlobalSection
	GlobalSection(SolutionProperties) = preSolution
		HideSolutionNode = FALSE
	EndGlobalSection
	GlobalSection(ExtensibilityGlobals) = postSolution
		SolutionGuid = {0B116FF2-532B-4E1C-AF02-E78F63CBD981}
	EndGlobalSection
EndGlobal
